{
  "lockfileVersion": 1,
  "workspaces": {
    "": {
      "name": "bunbuster",
      "dependencies": {
        "ansis": "^4.0.0",
        "commander": "^13.1.0",
      },
    },
  },
  "packages": {
    "ansis": ["ansis@4.0.0", "", {}, "sha512-P8nrHI1EyW9OfBt1X7hMSwGN2vwRuqHSKJAT1gbLWZRzDa24oHjYwGHvEgHeBepupzk878yS/HBZ0NMPYtbolw=="],

    "commander": ["commander@13.1.0", "", {}, "sha512-/rFeCpNJQbhSZjGVwO9RFV3xPqbnERS8MmIQzCtD/zl6gpJuV/bMLuN92oG3F7d8oDEHHRrujSXNUr8fpjntKw=="],
  }
}
