{
  "lockfileVersion": 1,
  "workspaces": {
    "": {
      "name": "bunbuster",
      "dependencies": {
        "ansis": "^3.3.2",
        "commander": "^13.1.0",
      },
    },
  },
  "packages": {
    "ansis": ["ansis@3.3.2", "", {}, "sha512-cFthbBlt+Oi0i9Pv/j6YdVWJh54CtjGACaMPCIrEV4Ha7HWsIjXDwseYV79TIL0B4+KfSwD5S70PeQDkPUd1rA=="],

    "commander": ["commander@13.1.0", "", {}, "sha512-/rFeCpNJQbhSZjGVwO9RFV3xPqbnERS8MmIQzCtD/zl6gpJuV/bMLuN92oG3F7d8oDEHHRrujSXNUr8fpjntKw=="],
  }
}
